
Microsoft Visual Studio Solution File, Format Version 12.00
# Visual Studio 15
VisualStudioVersion = 15.0.27130.2036
MinimumVisualStudioVersion = 10.0.40219.1
Project("{FAE04EC0-301F-11D3-BF4B-00C04F79EFBC}") = "FilmRental_FApp", "CarRental_FApp\FilmRental_FApp.csproj", "{F75E4673-B764-4D4D-84B1-1ABED7C57703}"
EndProject
Project("{FAE04EC0-301F-11D3-BF4B-00C04F79EFBC}") = "FilmRental_CLibrary", "CarRental_CLibrary\FilmRental_CLibrary.csproj", "{7137A2CF-EF31-4A19-8681-A5AA5C97756C}"
EndProject
Global
	GlobalSection(SolutionConfigurationPlatforms) = preSolution
		Debug|Any CPU = Debug|Any CPU
		Release|Any CPU = Release|Any CPU
	EndGlobalSection
	GlobalSection(ProjectConfigurationPlatforms) = postSolution
		{F75E4673-B764-4D4D-84B1-1ABED7C57703}.Debug|Any CPU.ActiveCfg = Debug|Any CPU
		{F75E4673-B764-4D4D-84B1-1ABED7C57703}.Debug|Any CPU.Build.0 = Debug|Any CPU
		{F75E4673-B764-4D4D-84B1-1ABED7C57703}.Release|Any CPU.ActiveCfg = Release|Any CPU
		{F75E4673-B764-4D4D-84B1-1ABED7C57703}.Release|Any CPU.Build.0 = Release|Any CPU
		{7137A2CF-EF31-4A19-8681-A5AA5C97756C}.Debug|Any CPU.ActiveCfg = Debug|Any CPU
		{7137A2CF-EF31-4A19-8681-A5AA5C97756C}.Debug|Any CPU.Build.0 = Debug|Any CPU
		{7137A2CF-EF31-4A19-8681-A5AA5C97756C}.Release|Any CPU.ActiveCfg = Release|Any CPU
		{7137A2CF-EF31-4A19-8681-A5AA5C97756C}.Release|Any CPU.Build.0 = Release|Any CPU
	EndGlobalSection
	GlobalSection(SolutionProperties) = preSolution
		HideSolutionNode = FALSE
	EndGlobalSection
	GlobalSection(ExtensibilityGlobals) = postSolution
		SolutionGuid = {ABBF2E23-49C2-4E85-B750-D6856CA88019}
	EndGlobalSection
EndGlobal
